<?xml version="1.0" encoding="utf-8"?>
<Project ToolsVersion="14.0" xmlns="http://schemas.microsoft.com/developer/msbuild/2003">
  <ItemGroup>
    <ClCompile Include="..\OSF\mariadb-connector-c\plugins\auth\my_auth.c">
      <Filter>Source Files</Filter>
    </ClCompile>
    <ClCompile Include="..\OSF\mariadb-connector-c\plugins\auth\old_password.c">
      <Filter>Source Files</Filter>
    </ClCompile>
    <ClCompile Include="..\OSF\mariadb-connector-c\plugins\pvio\pvio_socket.c">
      <Filter>Source Files</Filter>
    </ClCompile>
    <ClCompile Include="..\OSF\mariadb-connector-c\libmariadb\ma_array.c">
      <Filter>Source Files</Filter>
    </ClCompile>
    <ClCompile Include="..\OSF\mariadb-connector-c\libmariadb\ma_charset.c">
      <Filter>Source Files</Filter>
    </ClCompile>
    <ClCompile Include="..\OSF\mariadb-connector-c\libmariadb\ma_hash.c">
      <Filter>Source Files</Filter>
    </ClCompile>
    <ClCompile Include="..\OSF\mariadb-connector-c\libmariadb\ma_net.c">
      <Filter>Source Files</Filter>
    </ClCompile>
    <ClCompile Include="..\OSF\mariadb-connector-c\libmariadb\mariadb_charset.c">
      <Filter>Source Files</Filter>
    </ClCompile>
    <ClCompile Include="..\OSF\mariadb-connector-c\libmariadb\ma_time.c">
      <Filter>Source Files</Filter>
    </ClCompile>
    <ClCompile Include="..\OSF\mariadb-connector-c\libmariadb\ma_default.c">
      <Filter>Source Files</Filter>
    </ClCompile>
    <ClCompile Include="..\OSF\mariadb-connector-c\libmariadb\ma_errmsg.c">
      <Filter>Source Files</Filter>
    </ClCompile>
    <ClCompile Include="..\OSF\mariadb-connector-c\libmariadb\mariadb_lib.c">
      <Filter>Source Files</Filter>
    </ClCompile>
    <ClCompile Include="..\OSF\mariadb-connector-c\libmariadb\ma_list.c">
      <Filter>Source Files</Filter>
    </ClCompile>
    <ClCompile Include="..\OSF\mariadb-connector-c\libmariadb\ma_pvio.c">
      <Filter>Source Files</Filter>
    </ClCompile>
    <ClCompile Include="..\OSF\mariadb-connector-c\libmariadb\ma_tls.c">
      <Filter>Source Files</Filter>
    </ClCompile>
    <ClCompile Include="..\OSF\mariadb-connector-c\libmariadb\ma_alloc.c">
      <Filter>Source Files</Filter>
    </ClCompile>
    <ClCompile Include="..\OSF\mariadb-connector-c\libmariadb\ma_compress.c">
      <Filter>Source Files</Filter>
    </ClCompile>
    <ClCompile Include="..\OSF\mariadb-connector-c\libmariadb\ma_init.c">
      <Filter>Source Files</Filter>
    </ClCompile>
    <ClCompile Include="..\OSF\mariadb-connector-c\libmariadb\ma_password.c">
      <Filter>Source Files</Filter>
    </ClCompile>
    <ClCompile Include="..\OSF\mariadb-connector-c\libmariadb\ma_ll2str.c">
      <Filter>Source Files</Filter>
    </ClCompile>
    <ClCompile Include="..\OSF\mariadb-connector-c\libmariadb\ma_sha1.c">
      <Filter>Source Files</Filter>
    </ClCompile>
    <ClCompile Include="..\OSF\mariadb-connector-c\libmariadb\mariadb_stmt.c">
      <Filter>Source Files</Filter>
    </ClCompile>
    <ClCompile Include="..\OSF\mariadb-connector-c\libmariadb\ma_loaddata.c">
      <Filter>Source Files</Filter>
    </ClCompile>
    <ClCompile Include="..\OSF\mariadb-connector-c\libmariadb\ma_stmt_codec.c">
      <Filter>Source Files</Filter>
    </ClCompile>
    <ClCompile Include="..\OSF\mariadb-connector-c\libmariadb\ma_string.c">
      <Filter>Source Files</Filter>
    </ClCompile>
    <ClCompile Include="..\OSF\mariadb-connector-c\libmariadb\ma_dtoa.c">
      <Filter>Source Files</Filter>
    </ClCompile>
    <ClCompile Include="..\OSF\mariadb-connector-c\libmariadb\mariadb_rpl.c">
      <Filter>Source Files</Filter>
    </ClCompile>
    <ClCompile Include="..\OSF\mariadb-connector-c\__build__\libmariadb\ma_client_plugin.c">
      <Filter>Source Files</Filter>
    </ClCompile>
    <ClCompile Include="..\OSF\mariadb-connector-c\libmariadb\ma_io.c">
      <Filter>Source Files</Filter>
    </ClCompile>
    <ClCompile Include="..\OSF\mariadb-connector-c\libmariadb\secure\schannel.c">
      <Filter>Source Files</Filter>
    </ClCompile>
    <ClCompile Include="..\OSF\mariadb-connector-c\libmariadb\secure\ma_schannel.c">
      <Filter>Source Files</Filter>
    </ClCompile>
    <ClCompile Include="..\OSF\mariadb-connector-c\libmariadb\secure\schannel_certs.c">
      <Filter>Source Files</Filter>
    </ClCompile>
    <ClCompile Include="..\OSF\mariadb-connector-c\win-iconv\win_iconv.c">
      <Filter>Source Files</Filter>
    </ClCompile>
    <ClCompile Include="..\OSF\mariadb-connector-c\libmariadb\win32_errmsg.c">
      <Filter>Source Files</Filter>
    </ClCompile>
    <ClCompile Include="..\OSF\mariadb-connector-c\libmariadb\mariadb_dyncol.c">
      <Filter>Source Files</Filter>
    </ClCompile>
    <ClCompile Include="..\OSF\mariadb-connector-c\libmariadb\mariadb_async.c">
      <Filter>Source Files</Filter>
    </ClCompile>
    <ClCompile Include="..\OSF\mariadb-connector-c\libmariadb\ma_context.c">
      <Filter>Source Files</Filter>
    </ClCompile>
    <ClCompile Include="..\OSF\mariadb-connector-c\libmariadb\mariadb-connector-pch.cpp">
      <Filter>Source Files</Filter>
    </ClCompile>
  </ItemGroup>
  <ItemGroup>
    <Filter Include="Header Files">
      <UniqueIdentifier>{0767AC0A-B834-3F8C-A0DA-E6BC0FEB12CD}</UniqueIdentifier>
    </Filter>
    <Filter Include="Source Files">
      <UniqueIdentifier>{33D21FAE-01BA-37B7-99DE-24A66B356960}</UniqueIdentifier>
    </Filter>
  </ItemGroup>
  <ItemGroup>
    <ClInclude Include="..\Include\mariadb\errmsg.h">
      <Filter>Header Files</Filter>
    </ClInclude>
    <ClInclude Include="..\Include\mariadb\ma_common.h">
      <Filter>Header Files</Filter>
    </ClInclude>
    <ClInclude Include="..\Include\mariadb\ma_context.h">
      <Filter>Header Files</Filter>
    </ClInclude>
    <ClInclude Include="..\Include\mariadb\ma_crypt.h">
      <Filter>Header Files</Filter>
    </ClInclude>
    <ClInclude Include="..\Include\mariadb\ma_global.h">
      <Filter>Header Files</Filter>
    </ClInclude>
    <ClInclude Include="..\Include\mariadb\ma_hash.h">
      <Filter>Header Files</Filter>
    </ClInclude>
    <ClInclude Include="..\Include\mariadb\ma_list.h">
      <Filter>Header Files</Filter>
    </ClInclude>
    <ClInclude Include="..\Include\mariadb\ma_priv.h">
      <Filter>Header Files</Filter>
    </ClInclude>
    <ClInclude Include="..\Include\mariadb\ma_pthread.h">
      <Filter>Header Files</Filter>
    </ClInclude>
    <ClInclude Include="..\Include\mariadb\ma_pvio.h">
      <Filter>Header Files</Filter>
    </ClInclude>
    <ClInclude Include="..\Include\mariadb\ma_server_error.h">
      <Filter>Header Files</Filter>
    </ClInclude>
    <ClInclude Include="..\Include\mariadb\ma_sha1.h">
      <Filter>Header Files</Filter>
    </ClInclude>
    <ClInclude Include="..\Include\mariadb\ma_string.h">
      <Filter>Header Files</Filter>
    </ClInclude>
    <ClInclude Include="..\Include\mariadb\ma_sys.h">
      <Filter>Header Files</Filter>
    </ClInclude>
    <ClInclude Include="..\Include\mariadb\ma_tls.h">
      <Filter>Header Files</Filter>
    </ClInclude>
    <ClInclude Include="..\Include\mariadb\mariadb_async.h">
      <Filter>Header Files</Filter>
    </ClInclude>
    <ClInclude Include="..\Include\mariadb\mariadb_com.h">
      <Filter>Header Files</Filter>
    </ClInclude>
    <ClInclude Include="..\Include\mariadb\mariadb_ctype.h">
      <Filter>Header Files</Filter>
    </ClInclude>
    <ClInclude Include="..\Include\mariadb\mariadb_dyncol.h">
      <Filter>Header Files</Filter>
    </ClInclude>
    <ClInclude Include="..\Include\mariadb\mariadb_rpl.h">
      <Filter>Header Files</Filter>
    </ClInclude>
    <ClInclude Include="..\Include\mariadb\mariadb_stmt.h">
      <Filter>Header Files</Filter>
    </ClInclude>
    <ClInclude Include="..\Include\mariadb\mariadb_version.h">
      <Filter>Header Files</Filter>
    </ClInclude>
    <ClInclude Include="..\Include\mariadb\my_config.h">
      <Filter>Header Files</Filter>
    </ClInclude>
    <ClInclude Include="..\Include\mariadb\my_global.h">
      <Filter>Header Files</Filter>
    </ClInclude>
    <ClInclude Include="..\Include\mariadb\my_sys.h">
      <Filter>Header Files</Filter>
    </ClInclude>
    <ClInclude Include="..\Include\mariadb\mysql.h">
      <Filter>Header Files</Filter>
    </ClInclude>
    <ClInclude Include="..\Include\mariadb\mysql_com.h">
      <Filter>Header Files</Filter>
    </ClInclude>
    <ClInclude Include="..\Include\mariadb\mysql_version.h">
      <Filter>Header Files</Filter>
    </ClInclude>
    <ClInclude Include="..\Include\mariadb\mysqld_error.h">
      <Filter>Header Files</Filter>
    </ClInclude>
  </ItemGroup>
</Project>