Microsoft Visual Studio Solution File, Format Version 8.00
Project("{F184B08F-C81C-45F6-A57F-5ABD9991F28F}") = "Test_IfcClient", "Test_IfcClient.vbproj", "{0EFC4CE4-BBC9-4A85-AB25-A4FC5AF9D9A3}"
	ProjectSection(ProjectDependencies) = postProject
	EndProjectSection
EndProject
Project("{8BC9CEB8-8B4A-11D0-8D11-00A0C91BC942}") = "Test_MCPP", "Test_MCPP\Test_MCPP.vcproj", "{34FD5173-5752-496F-A710-51183CC11E94}"
	ProjectSection(ProjectDependencies) = postProject
	EndProjectSection
EndProject
Global
	GlobalSection(SolutionConfiguration) = preSolution
		Debug = Debug
		Release = Release
	EndGlobalSection
	GlobalSection(ProjectConfiguration) = postSolution
		{0EFC4CE4-BBC9-4A85-AB25-A4FC5AF9D9A3}.Debug.ActiveCfg = Debug|.NET
		{0EFC4CE4-BBC9-4A85-AB25-A4FC5AF9D9A3}.Debug.Build.0 = Debug|.NET
		{0EFC4CE4-BBC9-4A85-AB25-A4FC5AF9D9A3}.Release.ActiveCfg = Release|.NET
		{0EFC4CE4-BBC9-4A85-AB25-A4FC5AF9D9A3}.Release.Build.0 = Release|.NET
		{34FD5173-5752-496F-A710-51183CC11E94}.Debug.ActiveCfg = Debug|Win32
		{34FD5173-5752-496F-A710-51183CC11E94}.Debug.Build.0 = Debug|Win32
		{34FD5173-5752-496F-A710-51183CC11E94}.Release.ActiveCfg = Release|Win32
		{34FD5173-5752-496F-A710-51183CC11E94}.Release.Build.0 = Release|Win32
	EndGlobalSection
	GlobalSection(ExtensibilityGlobals) = postSolution
	EndGlobalSection
	GlobalSection(ExtensibilityAddIns) = postSolution
	EndGlobalSection
EndGlobal
