<?xml version="1.0" encoding="utf-8"?>
<Project ToolsVersion="4.0" xmlns="http://schemas.microsoft.com/developer/msbuild/2003">
  <ItemGroup>
    <Filter Include="Header">
      <UniqueIdentifier>{13794583-8264-477f-8f03-40cbe3a7710c}</UniqueIdentifier>
    </Filter>
  </ItemGroup>
  <ItemGroup>
    <ClInclude Include="..\OSF\LIBZIP-173\lib\zipint.h">
      <Filter>Header</Filter>
    </ClInclude>
    <ClInclude Include="..\OSF\LIBZIP-173\lib\zip_crypto_win.h">
      <Filter>Header</Filter>
    </ClInclude>
    <ClInclude Include="..\OSF\LIBZIP-173\lib\zip_crypto_openssl.h">
      <Filter>Header</Filter>
    </ClInclude>
    <ClInclude Include="..\OSF\LIBZIP-173\lib\zip_crypto_mbedtls.h">
      <Filter>Header</Filter>
    </ClInclude>
    <ClInclude Include="..\OSF\LIBZIP-173\lib\zip_crypto_gnutls.h">
      <Filter>Header</Filter>
    </ClInclude>
    <ClInclude Include="..\OSF\LIBZIP-173\lib\zip_crypto_commoncrypto.h">
      <Filter>Header</Filter>
    </ClInclude>
    <ClInclude Include="..\OSF\LIBZIP-173\lib\zip.h">
      <Filter>Header</Filter>
    </ClInclude>
    <ClInclude Include="..\OSF\LIBZIP-173\lib\zipconf.h">
      <Filter>Header</Filter>
    </ClInclude>
  </ItemGroup>
  <ItemGroup>
    <ClCompile Include="..\OSF\LIBZIP-173\lib\libzip.c" />
  </ItemGroup>
</Project>