<?xml version="1.0" encoding="utf-8"?>
<Project ToolsVersion="4.0" xmlns="http://schemas.microsoft.com/developer/msbuild/2003">
  <ItemGroup>
    <Filter Include="Source Files">
      <UniqueIdentifier>{4FC737F1-C7A5-4376-A066-2A32D752A2FF}</UniqueIdentifier>
      <Extensions>cpp;c;cxx;def;odl;idl;hpj;bat;asm;asmx</Extensions>
    </Filter>
    <Filter Include="Header Files">
      <UniqueIdentifier>{93995380-89BD-4b04-88EB-625FBE52EBFB}</UniqueIdentifier>
      <Extensions>h;hpp;hxx;hm;inl;inc;xsd</Extensions>
    </Filter>
    <Filter Include="Resource Files">
      <UniqueIdentifier>{67DA6AB6-F800-4c08-8B7A-83BB121AAD01}</UniqueIdentifier>
      <Extensions>rc;ico;cur;bmp;dlg;rc2;rct;bin;rgs;gif;jpg;jpeg;jpe;resx</Extensions>
    </Filter>
  </ItemGroup>
  <ItemGroup>
    <ClCompile Include="..\Osf\TurboPFor\bitpack.c">
      <Filter>Source Files</Filter>
    </ClCompile>
    <ClCompile Include="..\Osf\TurboPFor\bitunpack.c">
      <Filter>Source Files</Filter>
    </ClCompile>
    <ClCompile Include="..\Osf\TurboPFor\bitutil.c">
      <Filter>Source Files</Filter>
    </ClCompile>
    <ClCompile Include="..\Osf\TurboPFor\eliasfano.c">
      <Filter>Source Files</Filter>
    </ClCompile>
    <ClCompile Include="..\Osf\TurboPFor\fp.c">
      <Filter>Source Files</Filter>
    </ClCompile>
    <ClCompile Include="..\Osf\TurboPFor\icbench.c">
      <Filter>Source Files</Filter>
    </ClCompile>
    <ClCompile Include="..\Osf\TurboPFor\jic.c">
      <Filter>Source Files</Filter>
    </ClCompile>
    <ClCompile Include="..\Osf\TurboPFor\transpose.c">
      <Filter>Source Files</Filter>
    </ClCompile>
    <ClCompile Include="..\Osf\TurboPFor\vint.c">
      <Filter>Source Files</Filter>
    </ClCompile>
    <ClCompile Include="..\Osf\TurboPFor\vp4c.c">
      <Filter>Source Files</Filter>
    </ClCompile>
    <ClCompile Include="..\Osf\TurboPFor\vp4d.c">
      <Filter>Source Files</Filter>
    </ClCompile>
    <ClCompile Include="..\Osf\TurboPFor\vsimple.c">
      <Filter>Source Files</Filter>
    </ClCompile>
  </ItemGroup>
  <ItemGroup>
    <ClInclude Include="..\Osf\TurboPFor\bitpack.h">
      <Filter>Header Files</Filter>
    </ClInclude>
    <ClInclude Include="..\Osf\TurboPFor\bitpack_.h">
      <Filter>Header Files</Filter>
    </ClInclude>
    <ClInclude Include="..\Osf\TurboPFor\bitunpack_.h">
      <Filter>Header Files</Filter>
    </ClInclude>
    <ClInclude Include="..\Osf\TurboPFor\bitutil.h">
      <Filter>Header Files</Filter>
    </ClInclude>
    <ClInclude Include="..\Osf\TurboPFor\conf.h">
      <Filter>Header Files</Filter>
    </ClInclude>
    <ClInclude Include="..\Osf\TurboPFor\eliasfano.h">
      <Filter>Header Files</Filter>
    </ClInclude>
    <ClInclude Include="..\Osf\TurboPFor\fp.h">
      <Filter>Header Files</Filter>
    </ClInclude>
    <ClInclude Include="..\Osf\TurboPFor\idx.h">
      <Filter>Header Files</Filter>
    </ClInclude>
    <ClInclude Include="..\Osf\TurboPFor\plugins.h">
      <Filter>Header Files</Filter>
    </ClInclude>
    <ClInclude Include="..\Osf\TurboPFor\time_.h">
      <Filter>Header Files</Filter>
    </ClInclude>
    <ClInclude Include="..\Osf\TurboPFor\transpose.h">
      <Filter>Header Files</Filter>
    </ClInclude>
    <ClInclude Include="..\Osf\TurboPFor\vint.h">
      <Filter>Header Files</Filter>
    </ClInclude>
    <ClInclude Include="..\Osf\TurboPFor\vp4.h">
      <Filter>Header Files</Filter>
    </ClInclude>
    <ClInclude Include="..\Osf\TurboPFor\vsimple.h">
      <Filter>Header Files</Filter>
    </ClInclude>
  </ItemGroup>
</Project>