<?xml version="1.0" encoding="utf-8"?>
<Project ToolsVersion="4.0" xmlns="http://schemas.microsoft.com/developer/msbuild/2003">
  <ItemGroup>
    <Filter Include="Setup Headers">
      <UniqueIdentifier>{63537534-1833-5C1F-8DBD-359A84F294C8}</UniqueIdentifier>
    </Filter>
    <Filter Include="MSW Headers">
      <UniqueIdentifier>{5AFFF20E-29F9-512B-B80A-7DC45976CDAC}</UniqueIdentifier>
    </Filter>
    <Filter Include="Common Headers">
      <UniqueIdentifier>{8C07E926-65B0-5F00-B0D6-7F40DA69BB25}</UniqueIdentifier>
    </Filter>
  </ItemGroup>
  <ItemGroup>
    <ClCompile Include="..\OSF\wxWidgets\src\propgrid\advprops.cpp" />
    <ClCompile Include="..\OSF\wxWidgets\src\propgrid\editors.cpp" />
    <ClCompile Include="..\OSF\wxWidgets\src\propgrid\manager.cpp" />
    <ClCompile Include="..\OSF\wxWidgets\src\propgrid\property.cpp" />
    <ClCompile Include="..\OSF\wxWidgets\src\propgrid\propgrid.cpp" />
    <ClCompile Include="..\OSF\wxWidgets\src\propgrid\propgridiface.cpp" />
    <ClCompile Include="..\OSF\wxWidgets\src\propgrid\propgridpagestate.cpp" />
    <ClCompile Include="..\OSF\wxWidgets\src\propgrid\props.cpp" />
    <ClCompile Include="..\OSF\wxWidgets\src\common\dummy.cpp" />
  </ItemGroup>
  <ItemGroup>
    <ClInclude Include="..\OSF\wxWidgets\include\wx\propgrid\advprops.h">
      <Filter>Common Headers</Filter>
    </ClInclude>
    <ClInclude Include="..\OSF\wxWidgets\include\wx\propgrid\editors.h">
      <Filter>Common Headers</Filter>
    </ClInclude>
    <ClInclude Include="..\OSF\wxWidgets\include\wx\propgrid\manager.h">
      <Filter>Common Headers</Filter>
    </ClInclude>
    <ClInclude Include="..\OSF\wxWidgets\include\wx\propgrid\property.h">
      <Filter>Common Headers</Filter>
    </ClInclude>
    <ClInclude Include="..\OSF\wxWidgets\include\wx\propgrid\propgrid.h">
      <Filter>Common Headers</Filter>
    </ClInclude>
    <ClInclude Include="..\OSF\wxWidgets\include\wx\propgrid\propgriddefs.h">
      <Filter>Common Headers</Filter>
    </ClInclude>
    <ClInclude Include="..\OSF\wxWidgets\include\wx\propgrid\propgridiface.h">
      <Filter>Common Headers</Filter>
    </ClInclude>
    <ClInclude Include="..\OSF\wxWidgets\include\wx\propgrid\propgridpagestate.h">
      <Filter>Common Headers</Filter>
    </ClInclude>
    <ClInclude Include="..\OSF\wxWidgets\include\wx\propgrid\props.h">
      <Filter>Common Headers</Filter>
    </ClInclude>
  </ItemGroup>
  <ItemGroup>
    <CustomBuild Include="..\OSF\wxWidgets\include\wx\msw\setup.h">
      <Filter>Setup Headers</Filter>
    </CustomBuild>
    <CustomBuild Include="..\OSF\wxWidgets\include\wx\msw\genrcdefs.h">
      <Filter>MSW Headers</Filter>
    </CustomBuild>
  </ItemGroup>
  <ItemGroup>
    <ResourceCompile Include="..\OSF\wxWidgets\src\msw\version.rc" />
  </ItemGroup>
</Project>