<?xml version="1.0" encoding="utf-8"?>
<Project ToolsVersion="4.0" xmlns="http://schemas.microsoft.com/developer/msbuild/2003">
  <ItemGroup>
    <ClCompile Include="..\Osf\Bzip2\blocksort.c" />
    <ClCompile Include="..\Osf\Bzip2\bzlib.c" />
    <ClCompile Include="..\Osf\Bzip2\compress.c" />
    <ClCompile Include="..\Osf\Bzip2\crctable.c" />
    <ClCompile Include="..\Osf\Bzip2\decompress.c" />
    <ClCompile Include="..\Osf\Bzip2\huffman.c" />
    <ClCompile Include="..\Osf\Bzip2\randtable.c" />
    <ClCompile Include="..\OSF\BZIP2\bzlib-pch.cpp" />
  </ItemGroup>
  <ItemGroup>
    <ClInclude Include="..\Osf\Bzip2\bzlib.h">
      <Filter>Header</Filter>
    </ClInclude>
    <ClInclude Include="..\Osf\Bzip2\bzlib_private.h">
      <Filter>Header</Filter>
    </ClInclude>
  </ItemGroup>
  <ItemGroup>
    <Filter Include="Header">
      <UniqueIdentifier>{d10d3dea-ce21-4963-9be1-4a49811c0191}</UniqueIdentifier>
    </Filter>
  </ItemGroup>
</Project>