Microsoft Visual Studio Solution File, Format Version 8.00
Project("{8BC9CEB8-8B4A-11D0-8D11-00A0C91BC942}") = "gsoap-supp", "gsoap-supp.vcproj", "{813784D9-8B70-4880-91E7-51BB4265D187}"
	ProjectSection(ProjectDependencies) = postProject
	EndProjectSection
EndProject
Project("{8BC9CEB8-8B4A-11D0-8D11-00A0C91BC942}") = "slib", "slib.vcproj", "{D507E468-21FC-4209-A5A8-DE1F055866DC}"
	ProjectSection(ProjectDependencies) = postProject
	EndProjectSection
EndProject
Project("{8BC9CEB8-8B4A-11D0-8D11-00A0C91BC942}") = "PPSoapUhtt", "PPSoapUhtt.vcproj", "{265B05E1-A149-4509-9A4E-594253F8D417}"
	ProjectSection(ProjectDependencies) = postProject
		{D507E468-21FC-4209-A5A8-DE1F055866DC} = {D507E468-21FC-4209-A5A8-DE1F055866DC}
		{813784D9-8B70-4880-91E7-51BB4265D187} = {813784D9-8B70-4880-91E7-51BB4265D187}
	EndProjectSection
EndProject
Global
	GlobalSection(SolutionConfiguration) = preSolution
		Debug = Debug
		MtDllDebug = MtDllDebug
		MtDllRelease = MtDllRelease
		Release = Release
		ServerDebug = ServerDebug
		ServerRelease = ServerRelease
	EndGlobalSection
	GlobalSection(ProjectConfiguration) = postSolution
		{813784D9-8B70-4880-91E7-51BB4265D187}.Debug.ActiveCfg = Debug|Win32
		{813784D9-8B70-4880-91E7-51BB4265D187}.Debug.Build.0 = Debug|Win32
		{813784D9-8B70-4880-91E7-51BB4265D187}.MtDllDebug.ActiveCfg = MtDllDebug|Win32
		{813784D9-8B70-4880-91E7-51BB4265D187}.MtDllDebug.Build.0 = MtDllDebug|Win32
		{813784D9-8B70-4880-91E7-51BB4265D187}.MtDllRelease.ActiveCfg = MtDllRelease|Win32
		{813784D9-8B70-4880-91E7-51BB4265D187}.MtDllRelease.Build.0 = MtDllRelease|Win32
		{813784D9-8B70-4880-91E7-51BB4265D187}.Release.ActiveCfg = Release|Win32
		{813784D9-8B70-4880-91E7-51BB4265D187}.Release.Build.0 = Release|Win32
		{813784D9-8B70-4880-91E7-51BB4265D187}.ServerDebug.ActiveCfg = Debug|Win32
		{813784D9-8B70-4880-91E7-51BB4265D187}.ServerDebug.Build.0 = Debug|Win32
		{813784D9-8B70-4880-91E7-51BB4265D187}.ServerRelease.ActiveCfg = Release|Win32
		{813784D9-8B70-4880-91E7-51BB4265D187}.ServerRelease.Build.0 = Release|Win32
		{D507E468-21FC-4209-A5A8-DE1F055866DC}.Debug.ActiveCfg = Debug|Win32
		{D507E468-21FC-4209-A5A8-DE1F055866DC}.Debug.Build.0 = Debug|Win32
		{D507E468-21FC-4209-A5A8-DE1F055866DC}.MtDllDebug.ActiveCfg = MtDllDebug|Win32
		{D507E468-21FC-4209-A5A8-DE1F055866DC}.MtDllDebug.Build.0 = MtDllDebug|Win32
		{D507E468-21FC-4209-A5A8-DE1F055866DC}.MtDllRelease.ActiveCfg = MtDllRelease|Win32
		{D507E468-21FC-4209-A5A8-DE1F055866DC}.MtDllRelease.Build.0 = MtDllRelease|Win32
		{D507E468-21FC-4209-A5A8-DE1F055866DC}.Release.ActiveCfg = Release|Win32
		{D507E468-21FC-4209-A5A8-DE1F055866DC}.Release.Build.0 = Release|Win32
		{D507E468-21FC-4209-A5A8-DE1F055866DC}.ServerDebug.ActiveCfg = ServerDebug|Win32
		{D507E468-21FC-4209-A5A8-DE1F055866DC}.ServerDebug.Build.0 = ServerDebug|Win32
		{D507E468-21FC-4209-A5A8-DE1F055866DC}.ServerRelease.ActiveCfg = ServerRelease|Win32
		{D507E468-21FC-4209-A5A8-DE1F055866DC}.ServerRelease.Build.0 = ServerRelease|Win32
		{265B05E1-A149-4509-9A4E-594253F8D417}.Debug.ActiveCfg = Debug|Win32
		{265B05E1-A149-4509-9A4E-594253F8D417}.Debug.Build.0 = Debug|Win32
		{265B05E1-A149-4509-9A4E-594253F8D417}.MtDllDebug.ActiveCfg = MtDllDebug|Win32
		{265B05E1-A149-4509-9A4E-594253F8D417}.MtDllDebug.Build.0 = MtDllDebug|Win32
		{265B05E1-A149-4509-9A4E-594253F8D417}.MtDllRelease.ActiveCfg = MtDllRelease|Win32
		{265B05E1-A149-4509-9A4E-594253F8D417}.MtDllRelease.Build.0 = MtDllRelease|Win32
		{265B05E1-A149-4509-9A4E-594253F8D417}.Release.ActiveCfg = Release|Win32
		{265B05E1-A149-4509-9A4E-594253F8D417}.Release.Build.0 = Release|Win32
		{265B05E1-A149-4509-9A4E-594253F8D417}.ServerDebug.ActiveCfg = Debug|Win32
		{265B05E1-A149-4509-9A4E-594253F8D417}.ServerDebug.Build.0 = Debug|Win32
		{265B05E1-A149-4509-9A4E-594253F8D417}.ServerRelease.ActiveCfg = Release|Win32
		{265B05E1-A149-4509-9A4E-594253F8D417}.ServerRelease.Build.0 = Release|Win32
	EndGlobalSection
	GlobalSection(ExtensibilityGlobals) = postSolution
	EndGlobalSection
	GlobalSection(ExtensibilityAddIns) = postSolution
	EndGlobalSection
EndGlobal
